
Microsoft Visual Studio Solution File, Format Version 12.00
# Visual Studio Version 16
VisualStudioVersion = 16.0.31112.23
MinimumVisualStudioVersion = 10.0.40219.1
Project("{FAE04EC0-301F-11D3-BF4B-00C04F79EFBC}") = "SP_Signup", "SP_Signup.csproj", "{ADEA546E-4A18-4EE9-AC5F-5CE1C6F6FC5F}"
EndProject
Global
	GlobalSection(SolutionConfigurationPlatforms) = preSolution
		Debug|Any CPU = Debug|Any CPU
		Release|Any CPU = Release|Any CPU
	EndGlobalSection
	GlobalSection(ProjectConfigurationPlatforms) = postSolution
		{ADEA546E-4A18-4EE9-AC5F-5CE1C6F6FC5F}.Debug|Any CPU.ActiveCfg = Debug|Any CPU
		{ADEA546E-4A18-4EE9-AC5F-5CE1C6F6FC5F}.Debug|Any CPU.Build.0 = Debug|Any CPU
		{ADEA546E-4A18-4EE9-AC5F-5CE1C6F6FC5F}.Release|Any CPU.ActiveCfg = Release|Any CPU
		{ADEA546E-4A18-4EE9-AC5F-5CE1C6F6FC5F}.Release|Any CPU.Build.0 = Release|Any CPU
	EndGlobalSection
	GlobalSection(SolutionProperties) = preSolution
		HideSolutionNode = FALSE
	EndGlobalSection
	GlobalSection(ExtensibilityGlobals) = postSolution
		SolutionGuid = {30F5AD2C-0F53-45E3-82A8-69D0DB41B54E}
	EndGlobalSection
EndGlobal
